
Microsoft Visual Studio Solution File, Format Version 12.00
# Visual Studio 15
VisualStudioVersion = 15.0.28010.2036
MinimumVisualStudioVersion = 10.0.40219.1
Project("{FAE04EC0-301F-11D3-BF4B-00C04F79EFBC}") = "SimpleWebApi", "SimpleWebApi\SimpleWebApi.csproj", "{7CEEAF24-004B-4736-A390-6DF245D8C7C2}"
EndProject
Global
	GlobalSection(SolutionConfigurationPlatforms) = preSolution
		Debug|Any CPU = Debug|Any CPU
		Release|Any CPU = Release|Any CPU
	EndGlobalSection
	GlobalSection(ProjectConfigurationPlatforms) = postSolution
		{7CEEAF24-004B-4736-A390-6DF245D8C7C2}.Debug|Any CPU.ActiveCfg = Debug|Any CPU
		{7CEEAF24-004B-4736-A390-6DF245D8C7C2}.Debug|Any CPU.Build.0 = Debug|Any CPU
		{7CEEAF24-004B-4736-A390-6DF245D8C7C2}.Release|Any CPU.ActiveCfg = Release|Any CPU
		{7CEEAF24-004B-4736-A390-6DF245D8C7C2}.Release|Any CPU.Build.0 = Release|Any CPU
	EndGlobalSection
	GlobalSection(SolutionProperties) = preSolution
		HideSolutionNode = FALSE
	EndGlobalSection
	GlobalSection(ExtensibilityGlobals) = postSolution
		SolutionGuid = {16BE442C-F000-4E39-BF76-621FED088EB7}
	EndGlobalSection
EndGlobal
